
Microsoft Visual Studio Solution File, Format Version 12.00
# Visual Studio Version 16
VisualStudioVersion = 16.0.29806.167
MinimumVisualStudioVersion = 10.0.40219.1
Project("{9A19103F-16F7-4668-BE54-9A1E7A4F7556}") = "CSPDC", "CSPDC\CSPDC.csproj", "{BFFA4A78-575C-4982-A952-BE7F8EF324FA}"
EndProject
Project("{FAE04EC0-301F-11D3-BF4B-00C04F79EFBC}") = "CSPDC.Generator", "CSPDC.Access\CSPDC.Generator.csproj", "{7D1BF746-2D4F-4C5A-8ECD-5647BFCCAFE9}"
EndProject
Global
	GlobalSection(SolutionConfigurationPlatforms) = preSolution
		Debug|Any CPU = Debug|Any CPU
		Release|Any CPU = Release|Any CPU
	EndGlobalSection
	GlobalSection(ProjectConfigurationPlatforms) = postSolution
		{BFFA4A78-575C-4982-A952-BE7F8EF324FA}.Debug|Any CPU.ActiveCfg = Debug|Any CPU
		{BFFA4A78-575C-4982-A952-BE7F8EF324FA}.Debug|Any CPU.Build.0 = Debug|Any CPU
		{BFFA4A78-575C-4982-A952-BE7F8EF324FA}.Release|Any CPU.ActiveCfg = Release|Any CPU
		{BFFA4A78-575C-4982-A952-BE7F8EF324FA}.Release|Any CPU.Build.0 = Release|Any CPU
		{7D1BF746-2D4F-4C5A-8ECD-5647BFCCAFE9}.Debug|Any CPU.ActiveCfg = Debug|Any CPU
		{7D1BF746-2D4F-4C5A-8ECD-5647BFCCAFE9}.Debug|Any CPU.Build.0 = Debug|Any CPU
		{7D1BF746-2D4F-4C5A-8ECD-5647BFCCAFE9}.Release|Any CPU.ActiveCfg = Release|Any CPU
		{7D1BF746-2D4F-4C5A-8ECD-5647BFCCAFE9}.Release|Any CPU.Build.0 = Release|Any CPU
	EndGlobalSection
	GlobalSection(SolutionProperties) = preSolution
		HideSolutionNode = FALSE
	EndGlobalSection
	GlobalSection(ExtensibilityGlobals) = postSolution
		SolutionGuid = {4B5047E1-9516-4F1E-9148-F58624AD2DE5}
	EndGlobalSection
EndGlobal
